
Microsoft Visual Studio Solution File, Format Version 12.00
# Visual Studio 14
VisualStudioVersion = 14.0.25420.1
MinimumVisualStudioVersion = 10.0.40219.1
Project("{FAE04EC0-301F-11D3-BF4B-00C04F79EFBC}") = "FisherHal", "FisherHal\FisherHal.csproj", "{188DA7A4-A65D-44A8-85D9-09EC6CB1F61A}"
EndProject
Project("{FAE04EC0-301F-11D3-BF4B-00C04F79EFBC}") = "HW2Lab1", "HW2Lab1\HW2Lab1.csproj", "{A031CA56-4C3C-4F03-A485-8FFD5EE1E000}"
EndProject
Project("{FAE04EC0-301F-11D3-BF4B-00C04F79EFBC}") = "Lab2", "Lab2\Lab2.csproj", "{8962999D-225C-4B05-85D6-5C2FA99FD7E0}"
EndProject
Project("{FAE04EC0-301F-11D3-BF4B-00C04F79EFBC}") = "Lecture3 Lab", "Lecture3 Lab\Lecture3 Lab.csproj", "{35659CFE-C8AE-44C3-8EB2-C0CB7089896B}"
EndProject
Project("{FAE04EC0-301F-11D3-BF4B-00C04F79EFBC}") = "Lec8Lab1", "Lec8Lab1\Lec8Lab1.csproj", "{B255DDBA-A3F3-46B0-BC38-B97C64CF4E95}"
EndProject
Project("{FAE04EC0-301F-11D3-BF4B-00C04F79EFBC}") = "Lec8Lab2", "Lec8Lab2\Lec8Lab2.csproj", "{4602EF75-464A-44D8-977B-7402FBEBB3E9}"
EndProject
Global
	GlobalSection(SolutionConfigurationPlatforms) = preSolution
		Debug|Any CPU = Debug|Any CPU
		Release|Any CPU = Release|Any CPU
	EndGlobalSection
	GlobalSection(ProjectConfigurationPlatforms) = postSolution
		{188DA7A4-A65D-44A8-85D9-09EC6CB1F61A}.Debug|Any CPU.ActiveCfg = Debug|Any CPU
		{188DA7A4-A65D-44A8-85D9-09EC6CB1F61A}.Debug|Any CPU.Build.0 = Debug|Any CPU
		{188DA7A4-A65D-44A8-85D9-09EC6CB1F61A}.Release|Any CPU.ActiveCfg = Release|Any CPU
		{188DA7A4-A65D-44A8-85D9-09EC6CB1F61A}.Release|Any CPU.Build.0 = Release|Any CPU
		{A031CA56-4C3C-4F03-A485-8FFD5EE1E000}.Debug|Any CPU.ActiveCfg = Debug|Any CPU
		{A031CA56-4C3C-4F03-A485-8FFD5EE1E000}.Debug|Any CPU.Build.0 = Debug|Any CPU
		{A031CA56-4C3C-4F03-A485-8FFD5EE1E000}.Release|Any CPU.ActiveCfg = Release|Any CPU
		{A031CA56-4C3C-4F03-A485-8FFD5EE1E000}.Release|Any CPU.Build.0 = Release|Any CPU
		{8962999D-225C-4B05-85D6-5C2FA99FD7E0}.Debug|Any CPU.ActiveCfg = Debug|Any CPU
		{8962999D-225C-4B05-85D6-5C2FA99FD7E0}.Debug|Any CPU.Build.0 = Debug|Any CPU
		{8962999D-225C-4B05-85D6-5C2FA99FD7E0}.Release|Any CPU.ActiveCfg = Release|Any CPU
		{8962999D-225C-4B05-85D6-5C2FA99FD7E0}.Release|Any CPU.Build.0 = Release|Any CPU
		{35659CFE-C8AE-44C3-8EB2-C0CB7089896B}.Debug|Any CPU.ActiveCfg = Debug|Any CPU
		{35659CFE-C8AE-44C3-8EB2-C0CB7089896B}.Debug|Any CPU.Build.0 = Debug|Any CPU
		{35659CFE-C8AE-44C3-8EB2-C0CB7089896B}.Release|Any CPU.ActiveCfg = Release|Any CPU
		{35659CFE-C8AE-44C3-8EB2-C0CB7089896B}.Release|Any CPU.Build.0 = Release|Any CPU
		{B255DDBA-A3F3-46B0-BC38-B97C64CF4E95}.Debug|Any CPU.ActiveCfg = Debug|Any CPU
		{B255DDBA-A3F3-46B0-BC38-B97C64CF4E95}.Debug|Any CPU.Build.0 = Debug|Any CPU
		{B255DDBA-A3F3-46B0-BC38-B97C64CF4E95}.Release|Any CPU.ActiveCfg = Release|Any CPU
		{B255DDBA-A3F3-46B0-BC38-B97C64CF4E95}.Release|Any CPU.Build.0 = Release|Any CPU
		{4602EF75-464A-44D8-977B-7402FBEBB3E9}.Debug|Any CPU.ActiveCfg = Debug|Any CPU
		{4602EF75-464A-44D8-977B-7402FBEBB3E9}.Debug|Any CPU.Build.0 = Debug|Any CPU
		{4602EF75-464A-44D8-977B-7402FBEBB3E9}.Release|Any CPU.ActiveCfg = Release|Any CPU
		{4602EF75-464A-44D8-977B-7402FBEBB3E9}.Release|Any CPU.Build.0 = Release|Any CPU
	EndGlobalSection
	GlobalSection(SolutionProperties) = preSolution
		HideSolutionNode = FALSE
	EndGlobalSection
EndGlobal
